# This file is automatically @generated by Cargo.
# It is not intended for manual editing.
version = 3

[[package]]
name = "binary-search"
version = "0.1.0"
dependencies = [
 "utilities",
]

[[package]]
name = "bubble-sort"
version = "0.1.0"
dependencies = [
 "utilities",
]

[[package]]
name = "counting-sort"
version = "0.1.0"
dependencies = [
 "utilities",
]

[[package]]
name = "dynamic-fibonacci"
version = "0.1.0"
dependencies = [
 "utilities",
]

[[package]]
name = "factorial"
version = "0.1.0"

[[package]]
name = "factoring-numbers"
version = "0.1.0"

[[package]]
name = "fast-exponentiation"
version = "0.1.0"

[[package]]
name = "fibonacci"
version = "0.1.0"
dependencies = [
 "utilities",
]

[[package]]
name = "gcd-and-lcm"
version = "0.1.0"

[[package]]
name = "knights-tour"
version = "0.1.0"

[[package]]
name = "linear-search"
version = "0.1.0"
dependencies = [
 "utilities",
]

[[package]]
name = "n-queens"
version = "0.1.0"

[[package]]
name = "n-queens-redux"
version = "0.1.0"

[[package]]
name = "quicksort"
version = "0.1.0"
dependencies = [
 "utilities",
]

[[package]]
name = "sieve-of-eratosthenes"
version = "0.1.0"

[[package]]
name = "tower-of-hanoi"
version = "0.1.0"

[[package]]
name = "utilities"
version = "0.1.0"
